
Microsoft Visual Studio Solution File, Format Version 12.00
# Visual Studio 15
VisualStudioVersion = 15.0.26124.0
MinimumVisualStudioVersion = 15.0.26124.0
Project("{2150E333-8FDC-42A3-9474-1A3956D46DE8}") = "src", "src", "{7984BB67-8D3C-4A7B-AD6C-13E5BB15107B}"
EndProject
Project("{FAE04EC0-301F-11D3-BF4B-00C04F79EFBC}") = "Gradebook", "src\Gradebook\Gradebook.csproj", "{FF8DC5F0-13E7-4CBE-90ED-89D7A0482872}"
EndProject
Project("{2150E333-8FDC-42A3-9474-1A3956D46DE8}") = "test", "test", "{11CEF0D8-BC50-42C2-B4AF-4B9E1D4510BF}"
EndProject
Project("{FAE04EC0-301F-11D3-BF4B-00C04F79EFBC}") = "Gradebook.Tests", "test\Gradebook.Tests\Gradebook.Tests.csproj", "{0B055A9D-11FA-404B-89F8-3E59806CE250}"
EndProject
Global
	GlobalSection(SolutionConfigurationPlatforms) = preSolution
		Debug|Any CPU = Debug|Any CPU
		Debug|x64 = Debug|x64
		Debug|x86 = Debug|x86
		Release|Any CPU = Release|Any CPU
		Release|x64 = Release|x64
		Release|x86 = Release|x86
	EndGlobalSection
	GlobalSection(SolutionProperties) = preSolution
		HideSolutionNode = FALSE
	EndGlobalSection
	GlobalSection(ProjectConfigurationPlatforms) = postSolution
		{FF8DC5F0-13E7-4CBE-90ED-89D7A0482872}.Debug|Any CPU.ActiveCfg = Debug|Any CPU
		{FF8DC5F0-13E7-4CBE-90ED-89D7A0482872}.Debug|Any CPU.Build.0 = Debug|Any CPU
		{FF8DC5F0-13E7-4CBE-90ED-89D7A0482872}.Debug|x64.ActiveCfg = Debug|Any CPU
		{FF8DC5F0-13E7-4CBE-90ED-89D7A0482872}.Debug|x64.Build.0 = Debug|Any CPU
		{FF8DC5F0-13E7-4CBE-90ED-89D7A0482872}.Debug|x86.ActiveCfg = Debug|Any CPU
		{FF8DC5F0-13E7-4CBE-90ED-89D7A0482872}.Debug|x86.Build.0 = Debug|Any CPU
		{FF8DC5F0-13E7-4CBE-90ED-89D7A0482872}.Release|Any CPU.ActiveCfg = Release|Any CPU
		{FF8DC5F0-13E7-4CBE-90ED-89D7A0482872}.Release|Any CPU.Build.0 = Release|Any CPU
		{FF8DC5F0-13E7-4CBE-90ED-89D7A0482872}.Release|x64.ActiveCfg = Release|Any CPU
		{FF8DC5F0-13E7-4CBE-90ED-89D7A0482872}.Release|x64.Build.0 = Release|Any CPU
		{FF8DC5F0-13E7-4CBE-90ED-89D7A0482872}.Release|x86.ActiveCfg = Release|Any CPU
		{FF8DC5F0-13E7-4CBE-90ED-89D7A0482872}.Release|x86.Build.0 = Release|Any CPU
		{0B055A9D-11FA-404B-89F8-3E59806CE250}.Debug|Any CPU.ActiveCfg = Debug|Any CPU
		{0B055A9D-11FA-404B-89F8-3E59806CE250}.Debug|Any CPU.Build.0 = Debug|Any CPU
		{0B055A9D-11FA-404B-89F8-3E59806CE250}.Debug|x64.ActiveCfg = Debug|Any CPU
		{0B055A9D-11FA-404B-89F8-3E59806CE250}.Debug|x64.Build.0 = Debug|Any CPU
		{0B055A9D-11FA-404B-89F8-3E59806CE250}.Debug|x86.ActiveCfg = Debug|Any CPU
		{0B055A9D-11FA-404B-89F8-3E59806CE250}.Debug|x86.Build.0 = Debug|Any CPU
		{0B055A9D-11FA-404B-89F8-3E59806CE250}.Release|Any CPU.ActiveCfg = Release|Any CPU
		{0B055A9D-11FA-404B-89F8-3E59806CE250}.Release|Any CPU.Build.0 = Release|Any CPU
		{0B055A9D-11FA-404B-89F8-3E59806CE250}.Release|x64.ActiveCfg = Release|Any CPU
		{0B055A9D-11FA-404B-89F8-3E59806CE250}.Release|x64.Build.0 = Release|Any CPU
		{0B055A9D-11FA-404B-89F8-3E59806CE250}.Release|x86.ActiveCfg = Release|Any CPU
		{0B055A9D-11FA-404B-89F8-3E59806CE250}.Release|x86.Build.0 = Release|Any CPU
	EndGlobalSection
	GlobalSection(NestedProjects) = preSolution
		{FF8DC5F0-13E7-4CBE-90ED-89D7A0482872} = {7984BB67-8D3C-4A7B-AD6C-13E5BB15107B}
		{0B055A9D-11FA-404B-89F8-3E59806CE250} = {11CEF0D8-BC50-42C2-B4AF-4B9E1D4510BF}
	EndGlobalSection
EndGlobal
